Microsoft Visual Studio Solution File, Format Version 12.00
# Visual Studio Version 17
VisualStudioVersion = 17.1.32210.238
MinimumVisualStudioVersion = 10.0.40219.1
Project("{6EC3EE1D-3C4E-46DD-8F32-0CC8E7565705}") = "ViewerMain", "ViewerMain\ViewerMain.fsproj", "{34DDE858-415B-441B-9DF3-0C66A5E121A5}"
EndProject
Project("{6EC3EE1D-3C4E-46DD-8F32-0CC8E7565705}") = "3DGis", "3DGis\3DGis.fsproj", "{F1086F42-5030-43D7-9BFE-62A02F854E64}"
EndProject
Project("{6EC3EE1D-3C4E-46DD-8F32-0CC8E7565705}") = "ViewPlannerDSS", "ViewPlannerDSS\ViewPlannerDSS.fsproj", "{B5AAAC5D-22A1-451D-BC9F-8CCFB44B2FF3}"
EndProject
Project("{6EC3EE1D-3C4E-46DD-8F32-0CC8E7565705}") = "OPCViewer.Base", "OPCViewer.Base\OPCViewer.Base.fsproj", "{E5A50336-5AC3-45E3-AA0D-09B74F5E7FB1}"
EndProject
Project("{6EC3EE1D-3C4E-46DD-8F32-0CC8E7565705}") = "Rabbyte", "Rabbyte\Rabbyte.fsproj", "{4E2275E8-2027-487D-B0E2-280D597B5C68}"
EndProject
Project("{6EC3EE1D-3C4E-46DD-8F32-0CC8E7565705}") = "2D3DLinking", "2D3DLinking\2D3DLinking.fsproj", "{EC70AD54-12B7-4E3F-866B-2D5A94F3C8F7}"
EndProject
Project("{6EC3EE1D-3C4E-46DD-8F32-0CC8E7565705}") = "RabbyteExample", "RabbyteExample\RabbyteExample.fsproj", "{80D74406-EBB5-435C-AF18-5D74B36369FE}"
EndProject
Global
	GlobalSection(SolutionConfigurationPlatforms) = preSolution
		Debug|Any CPU = Debug|Any CPU
		Release|Any CPU = Release|Any CPU
	EndGlobalSection
	GlobalSection(ProjectConfigurationPlatforms) = postSolution
		{34DDE858-415B-441B-9DF3-0C66A5E121A5}.Debug|Any CPU.ActiveCfg = Debug|Any CPU
		{34DDE858-415B-441B-9DF3-0C66A5E121A5}.Debug|Any CPU.Build.0 = Debug|Any CPU
		{34DDE858-415B-441B-9DF3-0C66A5E121A5}.Release|Any CPU.ActiveCfg = Release|Any CPU
		{34DDE858-415B-441B-9DF3-0C66A5E121A5}.Release|Any CPU.Build.0 = Release|Any CPU
		{F1086F42-5030-43D7-9BFE-62A02F854E64}.Debug|Any CPU.ActiveCfg = Debug|Any CPU
		{F1086F42-5030-43D7-9BFE-62A02F854E64}.Debug|Any CPU.Build.0 = Debug|Any CPU
		{F1086F42-5030-43D7-9BFE-62A02F854E64}.Release|Any CPU.ActiveCfg = Release|Any CPU
		{F1086F42-5030-43D7-9BFE-62A02F854E64}.Release|Any CPU.Build.0 = Release|Any CPU
		{B5AAAC5D-22A1-451D-BC9F-8CCFB44B2FF3}.Debug|Any CPU.ActiveCfg = Debug|Any CPU
		{B5AAAC5D-22A1-451D-BC9F-8CCFB44B2FF3}.Debug|Any CPU.Build.0 = Debug|Any CPU
		{B5AAAC5D-22A1-451D-BC9F-8CCFB44B2FF3}.Release|Any CPU.ActiveCfg = Release|Any CPU
		{B5AAAC5D-22A1-451D-BC9F-8CCFB44B2FF3}.Release|Any CPU.Build.0 = Release|Any CPU
		{E5A50336-5AC3-45E3-AA0D-09B74F5E7FB1}.Debug|Any CPU.ActiveCfg = Debug|Any CPU
		{E5A50336-5AC3-45E3-AA0D-09B74F5E7FB1}.Debug|Any CPU.Build.0 = Debug|Any CPU
		{E5A50336-5AC3-45E3-AA0D-09B74F5E7FB1}.Release|Any CPU.ActiveCfg = Release|Any CPU
		{E5A50336-5AC3-45E3-AA0D-09B74F5E7FB1}.Release|Any CPU.Build.0 = Release|Any CPU
		{4E2275E8-2027-487D-B0E2-280D597B5C68}.Debug|Any CPU.ActiveCfg = Debug|Any CPU
		{4E2275E8-2027-487D-B0E2-280D597B5C68}.Debug|Any CPU.Build.0 = Debug|Any CPU
		{4E2275E8-2027-487D-B0E2-280D597B5C68}.Release|Any CPU.ActiveCfg = Release|Any CPU
		{4E2275E8-2027-487D-B0E2-280D597B5C68}.Release|Any CPU.Build.0 = Release|Any CPU
		{EC70AD54-12B7-4E3F-866B-2D5A94F3C8F7}.Debug|Any CPU.ActiveCfg = Debug|Any CPU
		{EC70AD54-12B7-4E3F-866B-2D5A94F3C8F7}.Debug|Any CPU.Build.0 = Debug|Any CPU
		{EC70AD54-12B7-4E3F-866B-2D5A94F3C8F7}.Release|Any CPU.ActiveCfg = Release|Any CPU
		{EC70AD54-12B7-4E3F-866B-2D5A94F3C8F7}.Release|Any CPU.Build.0 = Release|Any CPU
		{80D74406-EBB5-435C-AF18-5D74B36369FE}.Debug|Any CPU.ActiveCfg = Debug|Any CPU
		{80D74406-EBB5-435C-AF18-5D74B36369FE}.Debug|Any CPU.Build.0 = Debug|Any CPU
		{80D74406-EBB5-435C-AF18-5D74B36369FE}.Release|Any CPU.ActiveCfg = Release|Any CPU
		{80D74406-EBB5-435C-AF18-5D74B36369FE}.Release|Any CPU.Build.0 = Release|Any CPU
	EndGlobalSection
	GlobalSection(SolutionProperties) = preSolution
		HideSolutionNode = FALSE
	EndGlobalSection
	GlobalSection(ExtensibilityGlobals) = postSolution
		SolutionGuid = {7320DB7E-5AEF-41D0-84AF-DAAC30395F12}
	EndGlobalSection
EndGlobal
